
Microsoft Visual Studio Solution File, Format Version 12.00
# Visual Studio Version 17
VisualStudioVersion = 17.3.32825.248
MinimumVisualStudioVersion = 10.0.40219.1
Project("{9A19103F-16F7-4668-BE54-9A1E7A4F7556}") = "IlanSistemi.Entities", "IlanSistemi.Entities\IlanSistemi.Entities.csproj", "{456E2CDC-A1A5-49E9-BE69-F6D1055A7A10}"
EndProject
Project("{9A19103F-16F7-4668-BE54-9A1E7A4F7556}") = "IlanSistemi.DataAccess", "IlanSistemi.DataAccess\IlanSistemi.DataAccess.csproj", "{9C3C66E9-B20C-43D9-A7F3-3583DC2E5F23}"
EndProject
Project("{9A19103F-16F7-4668-BE54-9A1E7A4F7556}") = "IlanSistemi.Business", "IlanSistemi.Business\IlanSistemi.Business.csproj", "{60D6370D-39BD-4895-8BC6-D0D34066D3CC}"
EndProject
Project("{9A19103F-16F7-4668-BE54-9A1E7A4F7556}") = "IlanSistemi.UI", "IlanSistemi.UI\IlanSistemi.UI.csproj", "{9EB21937-FB1F-41EC-AB29-32D38EE11859}"
EndProject
Global
	GlobalSection(SolutionConfigurationPlatforms) = preSolution
		Debug|Any CPU = Debug|Any CPU
		Release|Any CPU = Release|Any CPU
	EndGlobalSection
	GlobalSection(ProjectConfigurationPlatforms) = postSolution
		{456E2CDC-A1A5-49E9-BE69-F6D1055A7A10}.Debug|Any CPU.ActiveCfg = Debug|Any CPU
		{456E2CDC-A1A5-49E9-BE69-F6D1055A7A10}.Debug|Any CPU.Build.0 = Debug|Any CPU
		{456E2CDC-A1A5-49E9-BE69-F6D1055A7A10}.Release|Any CPU.ActiveCfg = Release|Any CPU
		{456E2CDC-A1A5-49E9-BE69-F6D1055A7A10}.Release|Any CPU.Build.0 = Release|Any CPU
		{9C3C66E9-B20C-43D9-A7F3-3583DC2E5F23}.Debug|Any CPU.ActiveCfg = Debug|Any CPU
		{9C3C66E9-B20C-43D9-A7F3-3583DC2E5F23}.Debug|Any CPU.Build.0 = Debug|Any CPU
		{9C3C66E9-B20C-43D9-A7F3-3583DC2E5F23}.Release|Any CPU.ActiveCfg = Release|Any CPU
		{9C3C66E9-B20C-43D9-A7F3-3583DC2E5F23}.Release|Any CPU.Build.0 = Release|Any CPU
		{60D6370D-39BD-4895-8BC6-D0D34066D3CC}.Debug|Any CPU.ActiveCfg = Debug|Any CPU
		{60D6370D-39BD-4895-8BC6-D0D34066D3CC}.Debug|Any CPU.Build.0 = Debug|Any CPU
		{60D6370D-39BD-4895-8BC6-D0D34066D3CC}.Release|Any CPU.ActiveCfg = Release|Any CPU
		{60D6370D-39BD-4895-8BC6-D0D34066D3CC}.Release|Any CPU.Build.0 = Release|Any CPU
		{9EB21937-FB1F-41EC-AB29-32D38EE11859}.Debug|Any CPU.ActiveCfg = Debug|Any CPU
		{9EB21937-FB1F-41EC-AB29-32D38EE11859}.Debug|Any CPU.Build.0 = Debug|Any CPU
		{9EB21937-FB1F-41EC-AB29-32D38EE11859}.Release|Any CPU.ActiveCfg = Release|Any CPU
		{9EB21937-FB1F-41EC-AB29-32D38EE11859}.Release|Any CPU.Build.0 = Release|Any CPU
	EndGlobalSection
	GlobalSection(SolutionProperties) = preSolution
		HideSolutionNode = FALSE
	EndGlobalSection
	GlobalSection(ExtensibilityGlobals) = postSolution
		SolutionGuid = {F63EC344-D3BB-459C-9814-B78921F64C49}
	EndGlobalSection
EndGlobal
